
Microsoft Visual Studio Solution File, Format Version 12.00
# Visual Studio Version 17
VisualStudioVersion = 17.0.31903.59
MinimumVisualStudioVersion = 10.0.40219.1
Project("{2150E333-8FDC-42A3-9474-1A3956D46DE8}") = "src", "src", "{827E0CD3-B72D-47B6-A68D-7590B98EB39B}"
EndProject
Project("{FAE04EC0-301F-11D3-BF4B-00C04F79EFBC}") = "HuyHieuDang.Core", "src\Core\HuyHieuDang.Core.csproj", "{1902256B-8085-4D3F-B7C9-9537A83072B7}"
EndProject
Project("{FAE04EC0-301F-11D3-BF4B-00C04F79EFBC}") = "HuyHieuDang.Infrastructure", "src\Infrastructure\HuyHieuDang.Infrastructure.csproj", "{36D99B7D-9BB7-4F5E-8594-F7DAB80452BF}"
EndProject
Project("{FAE04EC0-301F-11D3-BF4B-00C04F79EFBC}") = "HuyHieuDang.Web", "src\Web\HuyHieuDang.Web.csproj", "{497065A9-010D-4DB0-83E3-0153AB68744F}"
EndProject
Project("{FAE04EC0-301F-11D3-BF4B-00C04F79EFBC}") = "HuyHieuDang.Migrators.PostgreSql", "src\Migrators\HuyHieuDang.Migrators.PostgreSql\HuyHieuDang.Migrators.PostgreSql.csproj", "{259A53FC-6D25-4570-A01F-FF2A68601DC2}"
EndProject
Project("{2150E333-8FDC-42A3-9474-1A3956D46DE8}") = "Migrators", "Migrators", "{44DA19C8-5B9B-6524-CF69-55296739FFA1}"
EndProject
Project("{2150E333-8FDC-42A3-9474-1A3956D46DE8}") = "tests", "tests", "{0AB3BF05-4346-4AA6-1389-037BE0695223}"
EndProject
Project("{FAE04EC0-301F-11D3-BF4B-00C04F79EFBC}") = "HuyHieuDang.Infrastructure.UnitTests", "tests\HuyHieuDang.Infrastructure.UnitTests\HuyHieuDang.Infrastructure.UnitTests.csproj", "{CCE753A4-D816-47BB-B301-D55C723DF26F}"
EndProject
Project("{FAE04EC0-301F-11D3-BF4B-00C04F79EFBC}") = "HuyHieuDang.Infrastructure.IntegrationTests", "tests\HuyHieuDang.Infrastructure.IntegrationTests\HuyHieuDang.Infrastructure.IntegrationTests.csproj", "{A8F036C8-D2D5-43BA-8B5B-B91EFA407252}"
EndProject
Project("{FAE04EC0-301F-11D3-BF4B-00C04F79EFBC}") = "HuyHieuDang.Web.IntegrationTests", "tests\HuyHieuDang.Web.IntegrationTests\HuyHieuDang.Web.IntegrationTests.csproj", "{04B9BA7F-3FE8-4731-907A-EE7F63C44957}"
EndProject
Project("{2150E333-8FDC-42A3-9474-1A3956D46DE8}") = "Web", "Web", "{03997797-E7F5-0643-168D-B8EA7178C2FE}"
EndProject
Global
	GlobalSection(SolutionConfigurationPlatforms) = preSolution
		Debug|Any CPU = Debug|Any CPU
		Debug|x64 = Debug|x64
		Debug|x86 = Debug|x86
		Release|Any CPU = Release|Any CPU
		Release|x64 = Release|x64
		Release|x86 = Release|x86
	EndGlobalSection
	GlobalSection(ProjectConfigurationPlatforms) = postSolution
		{1902256B-8085-4D3F-B7C9-9537A83072B7}.Debug|Any CPU.ActiveCfg = Debug|Any CPU
		{1902256B-8085-4D3F-B7C9-9537A83072B7}.Debug|Any CPU.Build.0 = Debug|Any CPU
		{1902256B-8085-4D3F-B7C9-9537A83072B7}.Debug|x64.ActiveCfg = Debug|Any CPU
		{1902256B-8085-4D3F-B7C9-9537A83072B7}.Debug|x64.Build.0 = Debug|Any CPU
		{1902256B-8085-4D3F-B7C9-9537A83072B7}.Debug|x86.ActiveCfg = Debug|Any CPU
		{1902256B-8085-4D3F-B7C9-9537A83072B7}.Debug|x86.Build.0 = Debug|Any CPU
		{1902256B-8085-4D3F-B7C9-9537A83072B7}.Release|Any CPU.ActiveCfg = Release|Any CPU
		{1902256B-8085-4D3F-B7C9-9537A83072B7}.Release|Any CPU.Build.0 = Release|Any CPU
		{1902256B-8085-4D3F-B7C9-9537A83072B7}.Release|x64.ActiveCfg = Release|Any CPU
		{1902256B-8085-4D3F-B7C9-9537A83072B7}.Release|x64.Build.0 = Release|Any CPU
		{1902256B-8085-4D3F-B7C9-9537A83072B7}.Release|x86.ActiveCfg = Release|Any CPU
		{1902256B-8085-4D3F-B7C9-9537A83072B7}.Release|x86.Build.0 = Release|Any CPU
		{36D99B7D-9BB7-4F5E-8594-F7DAB80452BF}.Debug|Any CPU.ActiveCfg = Debug|Any CPU
		{36D99B7D-9BB7-4F5E-8594-F7DAB80452BF}.Debug|Any CPU.Build.0 = Debug|Any CPU
		{36D99B7D-9BB7-4F5E-8594-F7DAB80452BF}.Debug|x64.ActiveCfg = Debug|Any CPU
		{36D99B7D-9BB7-4F5E-8594-F7DAB80452BF}.Debug|x64.Build.0 = Debug|Any CPU
		{36D99B7D-9BB7-4F5E-8594-F7DAB80452BF}.Debug|x86.ActiveCfg = Debug|Any CPU
		{36D99B7D-9BB7-4F5E-8594-F7DAB80452BF}.Debug|x86.Build.0 = Debug|Any CPU
		{36D99B7D-9BB7-4F5E-8594-F7DAB80452BF}.Release|Any CPU.ActiveCfg = Release|Any CPU
		{36D99B7D-9BB7-4F5E-8594-F7DAB80452BF}.Release|Any CPU.Build.0 = Release|Any CPU
		{36D99B7D-9BB7-4F5E-8594-F7DAB80452BF}.Release|x64.ActiveCfg = Release|Any CPU
		{36D99B7D-9BB7-4F5E-8594-F7DAB80452BF}.Release|x64.Build.0 = Release|Any CPU
		{36D99B7D-9BB7-4F5E-8594-F7DAB80452BF}.Release|x86.ActiveCfg = Release|Any CPU
		{36D99B7D-9BB7-4F5E-8594-F7DAB80452BF}.Release|x86.Build.0 = Release|Any CPU
		{497065A9-010D-4DB0-83E3-0153AB68744F}.Debug|Any CPU.ActiveCfg = Debug|Any CPU
		{497065A9-010D-4DB0-83E3-0153AB68744F}.Debug|Any CPU.Build.0 = Debug|Any CPU
		{497065A9-010D-4DB0-83E3-0153AB68744F}.Debug|x64.ActiveCfg = Debug|Any CPU
		{497065A9-010D-4DB0-83E3-0153AB68744F}.Debug|x64.Build.0 = Debug|Any CPU
		{497065A9-010D-4DB0-83E3-0153AB68744F}.Debug|x86.ActiveCfg = Debug|Any CPU
		{497065A9-010D-4DB0-83E3-0153AB68744F}.Debug|x86.Build.0 = Debug|Any CPU
		{497065A9-010D-4DB0-83E3-0153AB68744F}.Release|Any CPU.ActiveCfg = Release|Any CPU
		{497065A9-010D-4DB0-83E3-0153AB68744F}.Release|Any CPU.Build.0 = Release|Any CPU
		{497065A9-010D-4DB0-83E3-0153AB68744F}.Release|x64.ActiveCfg = Release|Any CPU
		{497065A9-010D-4DB0-83E3-0153AB68744F}.Release|x64.Build.0 = Release|Any CPU
		{497065A9-010D-4DB0-83E3-0153AB68744F}.Release|x86.ActiveCfg = Release|Any CPU
		{497065A9-010D-4DB0-83E3-0153AB68744F}.Release|x86.Build.0 = Release|Any CPU
		{259A53FC-6D25-4570-A01F-FF2A68601DC2}.Debug|Any CPU.ActiveCfg = Debug|Any CPU
		{259A53FC-6D25-4570-A01F-FF2A68601DC2}.Debug|Any CPU.Build.0 = Debug|Any CPU
		{259A53FC-6D25-4570-A01F-FF2A68601DC2}.Debug|x64.ActiveCfg = Debug|Any CPU
		{259A53FC-6D25-4570-A01F-FF2A68601DC2}.Debug|x64.Build.0 = Debug|Any CPU
		{259A53FC-6D25-4570-A01F-FF2A68601DC2}.Debug|x86.ActiveCfg = Debug|Any CPU
		{259A53FC-6D25-4570-A01F-FF2A68601DC2}.Debug|x86.Build.0 = Debug|Any CPU
		{259A53FC-6D25-4570-A01F-FF2A68601DC2}.Release|Any CPU.ActiveCfg = Release|Any CPU
		{259A53FC-6D25-4570-A01F-FF2A68601DC2}.Release|Any CPU.Build.0 = Release|Any CPU
		{259A53FC-6D25-4570-A01F-FF2A68601DC2}.Release|x64.ActiveCfg = Release|Any CPU
		{259A53FC-6D25-4570-A01F-FF2A68601DC2}.Release|x64.Build.0 = Release|Any CPU
		{259A53FC-6D25-4570-A01F-FF2A68601DC2}.Release|x86.ActiveCfg = Release|Any CPU
		{259A53FC-6D25-4570-A01F-FF2A68601DC2}.Release|x86.Build.0 = Release|Any CPU
		{CCE753A4-D816-47BB-B301-D55C723DF26F}.Debug|Any CPU.ActiveCfg = Debug|Any CPU
		{CCE753A4-D816-47BB-B301-D55C723DF26F}.Debug|Any CPU.Build.0 = Debug|Any CPU
		{CCE753A4-D816-47BB-B301-D55C723DF26F}.Debug|x64.ActiveCfg = Debug|Any CPU
		{CCE753A4-D816-47BB-B301-D55C723DF26F}.Debug|x64.Build.0 = Debug|Any CPU
		{CCE753A4-D816-47BB-B301-D55C723DF26F}.Debug|x86.ActiveCfg = Debug|Any CPU
		{CCE753A4-D816-47BB-B301-D55C723DF26F}.Debug|x86.Build.0 = Debug|Any CPU
		{CCE753A4-D816-47BB-B301-D55C723DF26F}.Release|Any CPU.ActiveCfg = Release|Any CPU
		{CCE753A4-D816-47BB-B301-D55C723DF26F}.Release|Any CPU.Build.0 = Release|Any CPU
		{CCE753A4-D816-47BB-B301-D55C723DF26F}.Release|x64.ActiveCfg = Release|Any CPU
		{CCE753A4-D816-47BB-B301-D55C723DF26F}.Release|x64.Build.0 = Release|Any CPU
		{CCE753A4-D816-47BB-B301-D55C723DF26F}.Release|x86.ActiveCfg = Release|Any CPU
		{CCE753A4-D816-47BB-B301-D55C723DF26F}.Release|x86.Build.0 = Release|Any CPU
		{A8F036C8-D2D5-43BA-8B5B-B91EFA407252}.Debug|Any CPU.ActiveCfg = Debug|Any CPU
		{A8F036C8-D2D5-43BA-8B5B-B91EFA407252}.Debug|Any CPU.Build.0 = Debug|Any CPU
		{A8F036C8-D2D5-43BA-8B5B-B91EFA407252}.Debug|x64.ActiveCfg = Debug|Any CPU
		{A8F036C8-D2D5-43BA-8B5B-B91EFA407252}.Debug|x64.Build.0 = Debug|Any CPU
		{A8F036C8-D2D5-43BA-8B5B-B91EFA407252}.Debug|x86.ActiveCfg = Debug|Any CPU
		{A8F036C8-D2D5-43BA-8B5B-B91EFA407252}.Debug|x86.Build.0 = Debug|Any CPU
		{A8F036C8-D2D5-43BA-8B5B-B91EFA407252}.Release|Any CPU.ActiveCfg = Release|Any CPU
		{A8F036C8-D2D5-43BA-8B5B-B91EFA407252}.Release|Any CPU.Build.0 = Release|Any CPU
		{A8F036C8-D2D5-43BA-8B5B-B91EFA407252}.Release|x64.ActiveCfg = Release|Any CPU
		{A8F036C8-D2D5-43BA-8B5B-B91EFA407252}.Release|x64.Build.0 = Release|Any CPU
		{A8F036C8-D2D5-43BA-8B5B-B91EFA407252}.Release|x86.ActiveCfg = Release|Any CPU
		{A8F036C8-D2D5-43BA-8B5B-B91EFA407252}.Release|x86.Build.0 = Release|Any CPU
		{04B9BA7F-3FE8-4731-907A-EE7F63C44957}.Debug|Any CPU.ActiveCfg = Debug|Any CPU
		{04B9BA7F-3FE8-4731-907A-EE7F63C44957}.Debug|Any CPU.Build.0 = Debug|Any CPU
		{04B9BA7F-3FE8-4731-907A-EE7F63C44957}.Debug|x64.ActiveCfg = Debug|Any CPU
		{04B9BA7F-3FE8-4731-907A-EE7F63C44957}.Debug|x64.Build.0 = Debug|Any CPU
		{04B9BA7F-3FE8-4731-907A-EE7F63C44957}.Debug|x86.ActiveCfg = Debug|Any CPU
		{04B9BA7F-3FE8-4731-907A-EE7F63C44957}.Debug|x86.Build.0 = Debug|Any CPU
		{04B9BA7F-3FE8-4731-907A-EE7F63C44957}.Release|Any CPU.ActiveCfg = Release|Any CPU
		{04B9BA7F-3FE8-4731-907A-EE7F63C44957}.Release|Any CPU.Build.0 = Release|Any CPU
		{04B9BA7F-3FE8-4731-907A-EE7F63C44957}.Release|x64.ActiveCfg = Release|Any CPU
		{04B9BA7F-3FE8-4731-907A-EE7F63C44957}.Release|x64.Build.0 = Release|Any CPU
		{04B9BA7F-3FE8-4731-907A-EE7F63C44957}.Release|x86.ActiveCfg = Release|Any CPU
		{04B9BA7F-3FE8-4731-907A-EE7F63C44957}.Release|x86.Build.0 = Release|Any CPU
	EndGlobalSection
	GlobalSection(SolutionProperties) = preSolution
		HideSolutionNode = FALSE
	EndGlobalSection
	GlobalSection(NestedProjects) = preSolution
		{1902256B-8085-4D3F-B7C9-9537A83072B7} = {827E0CD3-B72D-47B6-A68D-7590B98EB39B}
		{36D99B7D-9BB7-4F5E-8594-F7DAB80452BF} = {827E0CD3-B72D-47B6-A68D-7590B98EB39B}
		{497065A9-010D-4DB0-83E3-0153AB68744F} = {827E0CD3-B72D-47B6-A68D-7590B98EB39B}
		{259A53FC-6D25-4570-A01F-FF2A68601DC2} = {827E0CD3-B72D-47B6-A68D-7590B98EB39B}
		{44DA19C8-5B9B-6524-CF69-55296739FFA1} = {827E0CD3-B72D-47B6-A68D-7590B98EB39B}
		{CCE753A4-D816-47BB-B301-D55C723DF26F} = {0AB3BF05-4346-4AA6-1389-037BE0695223}
		{A8F036C8-D2D5-43BA-8B5B-B91EFA407252} = {0AB3BF05-4346-4AA6-1389-037BE0695223}
		{04B9BA7F-3FE8-4731-907A-EE7F63C44957} = {0AB3BF05-4346-4AA6-1389-037BE0695223}
		{03997797-E7F5-0643-168D-B8EA7178C2FE} = {827E0CD3-B72D-47B6-A68D-7590B98EB39B}
	EndGlobalSection
EndGlobal
